<Solution>
	<Folder Name="/Solution Items/">
		<File Path=".codacy.yml" />
		<File Path=".editorconfig" />
		<File Path=".gitignore" />
		<File Path="AGENTS.md" />
		<File Path="CHANGELOG.md" />
		<File Path="CLAUDE.md" />
		<File Path="coverage.config" />
		<File Path="CONTRIBUTING.md" />
		<File Path="Directory.Build.props" />
		<File Path="Directory.Packages.props" />
		<File Path="global.json" />
		<File Path="LICENSE" />
		<File Path="Publish.ps1" />
		<File Path="README.md" />
		<File Path="SECURITY.md" />
		<File Path="version.json" />
	</Folder>
	<Project Path="Rapid7.Api/Rapid7.Api.csproj" />
	<Project Path="Rapid7.Api.Test/Rapid7.Api.Test.csproj" />
	<Project Path="Rapid7.Api.IntegrationTest/Rapid7.Api.IntegrationTest.csproj" />
</Solution>
